<?xml version="1.0" encoding="utf-8"?>
<Project ToolsVersion="18.0" xmlns="http://schemas.microsoft.com/developer/msbuild/2003">
  <ItemGroup>
    <CustomBuild Include="C:\Development\GitHub\EGL\build_clang\CMakeFiles\d35a68af2569618adb9b010084eff6cc\generate.stamp.rule">
      <Filter>CMake Rules</Filter>
    </CustomBuild>
  </ItemGroup>
  <ItemGroup>
    <Filter Include="CMake Rules">
      <UniqueIdentifier>{4DC8936A-9A4C-3823-8BA9-A23588C5C7FD}</UniqueIdentifier>
    </Filter>
  </ItemGroup>
</Project>
